
Microsoft Visual Studio Solution File, Format Version 12.00
# Visual Studio Version 17
VisualStudioVersion = 17.14.36511.14
MinimumVisualStudioVersion = 10.0.40219.1
Project("{FAE04EC0-301F-11D3-BF4B-00C04F79EFBC}") = "SafeRoute.API", "SafeRoute.API\SafeRoute.API.csproj", "{52709077-B57B-597A-913B-8FE9D7D31AD6}"
EndProject
Project("{FAE04EC0-301F-11D3-BF4B-00C04F79EFBC}") = "SafeRoute.Client", "SafeRoute.Client\SafeRoute.Client.csproj", "{F40BF535-C93F-73EC-E725-FFAC6D9F5306}"
EndProject
Global
	GlobalSection(SolutionConfigurationPlatforms) = preSolution
		Debug|Any CPU = Debug|Any CPU
		Release|Any CPU = Release|Any CPU
	EndGlobalSection
	GlobalSection(ProjectConfigurationPlatforms) = postSolution
		{52709077-B57B-597A-913B-8FE9D7D31AD6}.Debug|Any CPU.ActiveCfg = Debug|Any CPU
		{52709077-B57B-597A-913B-8FE9D7D31AD6}.Debug|Any CPU.Build.0 = Debug|Any CPU
		{52709077-B57B-597A-913B-8FE9D7D31AD6}.Release|Any CPU.ActiveCfg = Release|Any CPU
		{52709077-B57B-597A-913B-8FE9D7D31AD6}.Release|Any CPU.Build.0 = Release|Any CPU
		{F40BF535-C93F-73EC-E725-FFAC6D9F5306}.Debug|Any CPU.ActiveCfg = Debug|Any CPU
		{F40BF535-C93F-73EC-E725-FFAC6D9F5306}.Debug|Any CPU.Build.0 = Debug|Any CPU
		{F40BF535-C93F-73EC-E725-FFAC6D9F5306}.Release|Any CPU.ActiveCfg = Release|Any CPU
		{F40BF535-C93F-73EC-E725-FFAC6D9F5306}.Release|Any CPU.Build.0 = Release|Any CPU
	EndGlobalSection
	GlobalSection(SolutionProperties) = preSolution
		HideSolutionNode = FALSE
	EndGlobalSection
	GlobalSection(ExtensibilityGlobals) = postSolution
		SolutionGuid = {BF01AB76-D23F-4295-8D7E-3ACE0228A223}
	EndGlobalSection
EndGlobal
